
Microsoft Visual Studio Solution File, Format Version 12.00
# Blend for Visual Studio Version 16
VisualStudioVersion = 16.0.30804.86
MinimumVisualStudioVersion = 10.0.40219.1
Project("{FAE04EC0-301F-11D3-BF4B-00C04F79EFBC}") = "ThaiClock", "ThaiClock\ThaiClock.csproj", "{1EE0241C-1419-4593-9FFB-1A84AE9A687D}"
EndProject
Global
	GlobalSection(SolutionConfigurationPlatforms) = preSolution
		Debug|Any CPU = Debug|Any CPU
		Debug|x64 = Debug|x64
		Release|Any CPU = Release|Any CPU
		Release|x64 = Release|x64
	EndGlobalSection
	GlobalSection(ProjectConfigurationPlatforms) = postSolution
		{1EE0241C-1419-4593-9FFB-1A84AE9A687D}.Debug|Any CPU.ActiveCfg = Debug|Any CPU
		{1EE0241C-1419-4593-9FFB-1A84AE9A687D}.Debug|Any CPU.Build.0 = Debug|Any CPU
		{1EE0241C-1419-4593-9FFB-1A84AE9A687D}.Debug|x64.ActiveCfg = Debug|x64
		{1EE0241C-1419-4593-9FFB-1A84AE9A687D}.Debug|x64.Build.0 = Debug|x64
		{1EE0241C-1419-4593-9FFB-1A84AE9A687D}.Release|Any CPU.ActiveCfg = Release|Any CPU
		{1EE0241C-1419-4593-9FFB-1A84AE9A687D}.Release|Any CPU.Build.0 = Release|Any CPU
		{1EE0241C-1419-4593-9FFB-1A84AE9A687D}.Release|x64.ActiveCfg = Release|x64
		{1EE0241C-1419-4593-9FFB-1A84AE9A687D}.Release|x64.Build.0 = Release|x64
	EndGlobalSection
	GlobalSection(SolutionProperties) = preSolution
		HideSolutionNode = FALSE
	EndGlobalSection
	GlobalSection(ExtensibilityGlobals) = postSolution
		SolutionGuid = {96E071FC-7113-4B84-9DB8-FB3E6731A79C}
	EndGlobalSection
EndGlobal
